
Microsoft Visual Studio Solution File, Format Version 12.00
# Visual Studio Version 17
VisualStudioVersion = 17.10.34902.84
MinimumVisualStudioVersion = 10.0.40219.1
Project("{FAE04EC0-301F-11D3-BF4B-00C04F79EFBC}") = "Tamrin5", "Tamrin5\Tamrin5.csproj", "{D8D45BCB-EB38-4F9C-854C-A8E04394D31F}"
EndProject
Global
	GlobalSection(SolutionConfigurationPlatforms) = preSolution
		Debug|Any CPU = Debug|Any CPU
		Release|Any CPU = Release|Any CPU
	EndGlobalSection
	GlobalSection(ProjectConfigurationPlatforms) = postSolution
		{D8D45BCB-EB38-4F9C-854C-A8E04394D31F}.Debug|Any CPU.ActiveCfg = Debug|Any CPU
		{D8D45BCB-EB38-4F9C-854C-A8E04394D31F}.Debug|Any CPU.Build.0 = Debug|Any CPU
		{D8D45BCB-EB38-4F9C-854C-A8E04394D31F}.Release|Any CPU.ActiveCfg = Release|Any CPU
		{D8D45BCB-EB38-4F9C-854C-A8E04394D31F}.Release|Any CPU.Build.0 = Release|Any CPU
	EndGlobalSection
	GlobalSection(SolutionProperties) = preSolution
		HideSolutionNode = FALSE
	EndGlobalSection
	GlobalSection(ExtensibilityGlobals) = postSolution
		SolutionGuid = {D13ED9A1-074B-481E-9468-65D3DE3B2A7A}
	EndGlobalSection
EndGlobal
